
Microsoft Visual Studio Solution File, Format Version 12.00
# Visual Studio Version 17
VisualStudioVersion = 17.5.33530.505
MinimumVisualStudioVersion = 10.0.40219.1
Project("{FAE04EC0-301F-11D3-BF4B-00C04F79EFBC}") = "Program 1", "Program 1\Program 1.csproj", "{CC3B5E38-BFDF-457A-980F-966496134F08}"
EndProject
Global
	GlobalSection(SolutionConfigurationPlatforms) = preSolution
		Debug|Any CPU = Debug|Any CPU
		Release|Any CPU = Release|Any CPU
	EndGlobalSection
	GlobalSection(ProjectConfigurationPlatforms) = postSolution
		{CC3B5E38-BFDF-457A-980F-966496134F08}.Debug|Any CPU.ActiveCfg = Debug|Any CPU
		{CC3B5E38-BFDF-457A-980F-966496134F08}.Debug|Any CPU.Build.0 = Debug|Any CPU
		{CC3B5E38-BFDF-457A-980F-966496134F08}.Release|Any CPU.ActiveCfg = Release|Any CPU
		{CC3B5E38-BFDF-457A-980F-966496134F08}.Release|Any CPU.Build.0 = Release|Any CPU
	EndGlobalSection
	GlobalSection(SolutionProperties) = preSolution
		HideSolutionNode = FALSE
	EndGlobalSection
	GlobalSection(ExtensibilityGlobals) = postSolution
		SolutionGuid = {3B542896-0CD0-41C3-BE7A-8BCE097FD88D}
	EndGlobalSection
EndGlobal
