
Microsoft Visual Studio Solution File, Format Version 12.00
# Visual Studio Version 17
VisualStudioVersion = 17.5.33530.505
MinimumVisualStudioVersion = 10.0.40219.1
Project("{FAE04EC0-301F-11D3-BF4B-00C04F79EFBC}") = "Program 6 (Idź na ryby) Zadanie długie", "Program 6 (Idź na ryby) Zadanie długie\Program 6 (Idź na ryby) Zadanie długie.csproj", "{D79752C4-A423-4AC9-919F-8C4FA23F2267}"
EndProject
Global
	GlobalSection(SolutionConfigurationPlatforms) = preSolution
		Debug|Any CPU = Debug|Any CPU
		Release|Any CPU = Release|Any CPU
	EndGlobalSection
	GlobalSection(ProjectConfigurationPlatforms) = postSolution
		{D79752C4-A423-4AC9-919F-8C4FA23F2267}.Debug|Any CPU.ActiveCfg = Debug|Any CPU
		{D79752C4-A423-4AC9-919F-8C4FA23F2267}.Debug|Any CPU.Build.0 = Debug|Any CPU
		{D79752C4-A423-4AC9-919F-8C4FA23F2267}.Release|Any CPU.ActiveCfg = Release|Any CPU
		{D79752C4-A423-4AC9-919F-8C4FA23F2267}.Release|Any CPU.Build.0 = Release|Any CPU
	EndGlobalSection
	GlobalSection(SolutionProperties) = preSolution
		HideSolutionNode = FALSE
	EndGlobalSection
	GlobalSection(ExtensibilityGlobals) = postSolution
		SolutionGuid = {2116E558-638C-4895-9068-BB33C0794711}
	EndGlobalSection
EndGlobal
