
Microsoft Visual Studio Solution File, Format Version 12.00
# Visual Studio Version 17
VisualStudioVersion = 17.5.33530.505
MinimumVisualStudioVersion = 10.0.40219.1
Project("{FAE04EC0-301F-11D3-BF4B-00C04F79EFBC}") = "Program 5 (BinaryWriter)", "Program 5 (BinaryWriter)\Program 5 (BinaryWriter).csproj", "{F8E9A6CA-16B5-457B-8043-AE3D368AC29A}"
EndProject
Global
	GlobalSection(SolutionConfigurationPlatforms) = preSolution
		Debug|Any CPU = Debug|Any CPU
		Release|Any CPU = Release|Any CPU
	EndGlobalSection
	GlobalSection(ProjectConfigurationPlatforms) = postSolution
		{F8E9A6CA-16B5-457B-8043-AE3D368AC29A}.Debug|Any CPU.ActiveCfg = Debug|Any CPU
		{F8E9A6CA-16B5-457B-8043-AE3D368AC29A}.Debug|Any CPU.Build.0 = Debug|Any CPU
		{F8E9A6CA-16B5-457B-8043-AE3D368AC29A}.Release|Any CPU.ActiveCfg = Release|Any CPU
		{F8E9A6CA-16B5-457B-8043-AE3D368AC29A}.Release|Any CPU.Build.0 = Release|Any CPU
	EndGlobalSection
	GlobalSection(SolutionProperties) = preSolution
		HideSolutionNode = FALSE
	EndGlobalSection
	GlobalSection(ExtensibilityGlobals) = postSolution
		SolutionGuid = {6AC40062-04F1-47F3-B6A9-E2D31716F5AE}
	EndGlobalSection
EndGlobal
