
Microsoft Visual Studio Solution File, Format Version 12.00
# Visual Studio Version 17
VisualStudioVersion = 17.5.33530.505
MinimumVisualStudioVersion = 10.0.40219.1
Project("{FAE04EC0-301F-11D3-BF4B-00C04F79EFBC}") = "Program 7 (Narzędzie do odczytu bajtów)", "Program 7 (Narzędzie do odczytu bajtów)\Program 7 (Narzędzie do odczytu bajtów).csproj", "{86E5D485-38C6-41C5-A530-FA13D8BBB417}"
EndProject
Global
	GlobalSection(SolutionConfigurationPlatforms) = preSolution
		Debug|Any CPU = Debug|Any CPU
		Release|Any CPU = Release|Any CPU
	EndGlobalSection
	GlobalSection(ProjectConfigurationPlatforms) = postSolution
		{86E5D485-38C6-41C5-A530-FA13D8BBB417}.Debug|Any CPU.ActiveCfg = Debug|Any CPU
		{86E5D485-38C6-41C5-A530-FA13D8BBB417}.Debug|Any CPU.Build.0 = Debug|Any CPU
		{86E5D485-38C6-41C5-A530-FA13D8BBB417}.Release|Any CPU.ActiveCfg = Release|Any CPU
		{86E5D485-38C6-41C5-A530-FA13D8BBB417}.Release|Any CPU.Build.0 = Release|Any CPU
	EndGlobalSection
	GlobalSection(SolutionProperties) = preSolution
		HideSolutionNode = FALSE
	EndGlobalSection
	GlobalSection(ExtensibilityGlobals) = postSolution
		SolutionGuid = {270AB524-6C89-4611-A8CA-32F1E22A49BC}
	EndGlobalSection
EndGlobal
