
Microsoft Visual Studio Solution File, Format Version 12.00
# Visual Studio Version 17
VisualStudioVersion = 17.5.33530.505
MinimumVisualStudioVersion = 10.0.40219.1
Project("{FAE04EC0-301F-11D3-BF4B-00C04F79EFBC}") = "Program 1 (Enum wstęp)", "Program 1 (Enum wstęp)\Program 1 (Enum wstęp).csproj", "{9C2A9AFB-9AFA-4809-84C3-2A323B5BB4CC}"
EndProject
Global
	GlobalSection(SolutionConfigurationPlatforms) = preSolution
		Debug|Any CPU = Debug|Any CPU
		Release|Any CPU = Release|Any CPU
	EndGlobalSection
	GlobalSection(ProjectConfigurationPlatforms) = postSolution
		{9C2A9AFB-9AFA-4809-84C3-2A323B5BB4CC}.Debug|Any CPU.ActiveCfg = Debug|Any CPU
		{9C2A9AFB-9AFA-4809-84C3-2A323B5BB4CC}.Debug|Any CPU.Build.0 = Debug|Any CPU
		{9C2A9AFB-9AFA-4809-84C3-2A323B5BB4CC}.Release|Any CPU.ActiveCfg = Release|Any CPU
		{9C2A9AFB-9AFA-4809-84C3-2A323B5BB4CC}.Release|Any CPU.Build.0 = Release|Any CPU
	EndGlobalSection
	GlobalSection(SolutionProperties) = preSolution
		HideSolutionNode = FALSE
	EndGlobalSection
	GlobalSection(ExtensibilityGlobals) = postSolution
		SolutionGuid = {826F6767-8D18-48CA-9B1A-DAFACBA9DAD2}
	EndGlobalSection
EndGlobal
