
Microsoft Visual Studio Solution File, Format Version 12.00
# Visual Studio Version 17
VisualStudioVersion = 17.5.33530.505
MinimumVisualStudioVersion = 10.0.40219.1
Project("{FAE04EC0-301F-11D3-BF4B-00C04F79EFBC}") = "Program 6 (Idź na ryby) - długie", "Program 6 (Idź na ryby) - długie\Program 6 (Idź na ryby) - długie.csproj", "{08E1AC91-7FE3-4CE9-8834-C57965F5CA15}"
EndProject
Global
	GlobalSection(SolutionConfigurationPlatforms) = preSolution
		Debug|Any CPU = Debug|Any CPU
		Release|Any CPU = Release|Any CPU
	EndGlobalSection
	GlobalSection(ProjectConfigurationPlatforms) = postSolution
		{08E1AC91-7FE3-4CE9-8834-C57965F5CA15}.Debug|Any CPU.ActiveCfg = Debug|Any CPU
		{08E1AC91-7FE3-4CE9-8834-C57965F5CA15}.Debug|Any CPU.Build.0 = Debug|Any CPU
		{08E1AC91-7FE3-4CE9-8834-C57965F5CA15}.Release|Any CPU.ActiveCfg = Release|Any CPU
		{08E1AC91-7FE3-4CE9-8834-C57965F5CA15}.Release|Any CPU.Build.0 = Release|Any CPU
	EndGlobalSection
	GlobalSection(SolutionProperties) = preSolution
		HideSolutionNode = FALSE
	EndGlobalSection
	GlobalSection(ExtensibilityGlobals) = postSolution
		SolutionGuid = {283DF9FB-CD02-4EE4-9BA9-8B8CE839FADE}
	EndGlobalSection
EndGlobal
