
Microsoft Visual Studio Solution File, Format Version 12.00
# Visual Studio Version 17
VisualStudioVersion = 17.5.33530.505
MinimumVisualStudioVersion = 10.0.40219.1
Project("{FAE04EC0-301F-11D3-BF4B-00C04F79EFBC}") = "Program 2 (Kalkulator krów)", "Program 2 (Kalkulator krów)\Program 2 (Kalkulator krów).csproj", "{43F3D679-0AA3-45F8-8FBC-42040AE81C63}"
EndProject
Global
	GlobalSection(SolutionConfigurationPlatforms) = preSolution
		Debug|Any CPU = Debug|Any CPU
		Release|Any CPU = Release|Any CPU
	EndGlobalSection
	GlobalSection(ProjectConfigurationPlatforms) = postSolution
		{43F3D679-0AA3-45F8-8FBC-42040AE81C63}.Debug|Any CPU.ActiveCfg = Debug|Any CPU
		{43F3D679-0AA3-45F8-8FBC-42040AE81C63}.Debug|Any CPU.Build.0 = Debug|Any CPU
		{43F3D679-0AA3-45F8-8FBC-42040AE81C63}.Release|Any CPU.ActiveCfg = Release|Any CPU
		{43F3D679-0AA3-45F8-8FBC-42040AE81C63}.Release|Any CPU.Build.0 = Release|Any CPU
	EndGlobalSection
	GlobalSection(SolutionProperties) = preSolution
		HideSolutionNode = FALSE
	EndGlobalSection
	GlobalSection(ExtensibilityGlobals) = postSolution
		SolutionGuid = {B324ACA5-BBDF-4FA8-9BE9-58D3BA25C38A}
	EndGlobalSection
EndGlobal
