
Microsoft Visual Studio Solution File, Format Version 12.00
# Visual Studio Version 17
VisualStudioVersion = 17.5.33530.505
MinimumVisualStudioVersion = 10.0.40219.1
Project("{FAE04EC0-301F-11D3-BF4B-00C04F79EFBC}") = "test_wydajność", "test_wydajność\test_wydajność.csproj", "{B0A3BE46-3517-46D9-8621-712EEF49FE5A}"
EndProject
Global
	GlobalSection(SolutionConfigurationPlatforms) = preSolution
		Debug|Any CPU = Debug|Any CPU
		Release|Any CPU = Release|Any CPU
	EndGlobalSection
	GlobalSection(ProjectConfigurationPlatforms) = postSolution
		{B0A3BE46-3517-46D9-8621-712EEF49FE5A}.Debug|Any CPU.ActiveCfg = Debug|Any CPU
		{B0A3BE46-3517-46D9-8621-712EEF49FE5A}.Debug|Any CPU.Build.0 = Debug|Any CPU
		{B0A3BE46-3517-46D9-8621-712EEF49FE5A}.Release|Any CPU.ActiveCfg = Release|Any CPU
		{B0A3BE46-3517-46D9-8621-712EEF49FE5A}.Release|Any CPU.Build.0 = Release|Any CPU
	EndGlobalSection
	GlobalSection(SolutionProperties) = preSolution
		HideSolutionNode = FALSE
	EndGlobalSection
	GlobalSection(ExtensibilityGlobals) = postSolution
		SolutionGuid = {0C13A19D-F04C-4350-BDB6-C0066B70DB42}
	EndGlobalSection
EndGlobal
