
Microsoft Visual Studio Solution File, Format Version 12.00
# Visual Studio Version 17
VisualStudioVersion = 17.5.33530.505
MinimumVisualStudioVersion = 10.0.40219.1
Project("{FAE04EC0-301F-11D3-BF4B-00C04F79EFBC}") = "Program 4 (Serializacja kart)", "Program 4 (Serializacja kart)\Program 4 (Serializacja kart).csproj", "{9C4E537F-7974-40F9-A5D1-C99F0D362E31}"
EndProject
Global
	GlobalSection(SolutionConfigurationPlatforms) = preSolution
		Debug|Any CPU = Debug|Any CPU
		Release|Any CPU = Release|Any CPU
	EndGlobalSection
	GlobalSection(ProjectConfigurationPlatforms) = postSolution
		{9C4E537F-7974-40F9-A5D1-C99F0D362E31}.Debug|Any CPU.ActiveCfg = Debug|Any CPU
		{9C4E537F-7974-40F9-A5D1-C99F0D362E31}.Debug|Any CPU.Build.0 = Debug|Any CPU
		{9C4E537F-7974-40F9-A5D1-C99F0D362E31}.Release|Any CPU.ActiveCfg = Release|Any CPU
		{9C4E537F-7974-40F9-A5D1-C99F0D362E31}.Release|Any CPU.Build.0 = Release|Any CPU
	EndGlobalSection
	GlobalSection(SolutionProperties) = preSolution
		HideSolutionNode = FALSE
	EndGlobalSection
	GlobalSection(ExtensibilityGlobals) = postSolution
		SolutionGuid = {3C2545EC-AC30-4D20-990E-44A4D1BAF2F5}
	EndGlobalSection
EndGlobal
