
Microsoft Visual Studio Solution File, Format Version 12.00
# Visual Studio Version 17
VisualStudioVersion = 17.5.33530.505
MinimumVisualStudioVersion = 10.0.40219.1
Project("{FAE04EC0-301F-11D3-BF4B-00C04F79EFBC}") = "Program 4 (System zarządzania ulem)", "Program 4 (System zarządzania ulem)\Program 4 (System zarządzania ulem).csproj", "{BED47299-B67A-40D6-989A-B396BC0D6322}"
EndProject
Global
	GlobalSection(SolutionConfigurationPlatforms) = preSolution
		Debug|Any CPU = Debug|Any CPU
		Release|Any CPU = Release|Any CPU
	EndGlobalSection
	GlobalSection(ProjectConfigurationPlatforms) = postSolution
		{BED47299-B67A-40D6-989A-B396BC0D6322}.Debug|Any CPU.ActiveCfg = Debug|Any CPU
		{BED47299-B67A-40D6-989A-B396BC0D6322}.Debug|Any CPU.Build.0 = Debug|Any CPU
		{BED47299-B67A-40D6-989A-B396BC0D6322}.Release|Any CPU.ActiveCfg = Release|Any CPU
		{BED47299-B67A-40D6-989A-B396BC0D6322}.Release|Any CPU.Build.0 = Release|Any CPU
	EndGlobalSection
	GlobalSection(SolutionProperties) = preSolution
		HideSolutionNode = FALSE
	EndGlobalSection
	GlobalSection(ExtensibilityGlobals) = postSolution
		SolutionGuid = {3B083CB6-0E88-47D9-B433-9ABCD292C94F}
	EndGlobalSection
EndGlobal
