
Microsoft Visual Studio Solution File, Format Version 12.00
# Visual Studio Version 17
VisualStudioVersion = 17.5.33530.505
MinimumVisualStudioVersion = 10.0.40219.1
Project("{FAE04EC0-301F-11D3-BF4B-00C04F79EFBC}") = "Program 4 (Dwie talie)", "Program 4 (Dwie talie)\Program 4 (Dwie talie).csproj", "{D507466A-4E29-44B6-851D-D601A122645A}"
EndProject
Global
	GlobalSection(SolutionConfigurationPlatforms) = preSolution
		Debug|Any CPU = Debug|Any CPU
		Release|Any CPU = Release|Any CPU
	EndGlobalSection
	GlobalSection(ProjectConfigurationPlatforms) = postSolution
		{D507466A-4E29-44B6-851D-D601A122645A}.Debug|Any CPU.ActiveCfg = Debug|Any CPU
		{D507466A-4E29-44B6-851D-D601A122645A}.Debug|Any CPU.Build.0 = Debug|Any CPU
		{D507466A-4E29-44B6-851D-D601A122645A}.Release|Any CPU.ActiveCfg = Release|Any CPU
		{D507466A-4E29-44B6-851D-D601A122645A}.Release|Any CPU.Build.0 = Release|Any CPU
	EndGlobalSection
	GlobalSection(SolutionProperties) = preSolution
		HideSolutionNode = FALSE
	EndGlobalSection
	GlobalSection(ExtensibilityGlobals) = postSolution
		SolutionGuid = {0ACA128D-8A2E-4614-8C3A-EBDC99B447B5}
	EndGlobalSection
EndGlobal
