
Microsoft Visual Studio Solution File, Format Version 12.00
# Visual Studio Version 17
VisualStudioVersion = 17.5.33530.505
MinimumVisualStudioVersion = 10.0.40219.1
Project("{FAE04EC0-301F-11D3-BF4B-00C04F79EFBC}") = "Program 1 (Prosty edytor tekstu)", "Program 1 (Prosty edytor tekstu)\Program 1 (Prosty edytor tekstu).csproj", "{9E713214-80F8-40BB-B064-50C6177E41A3}"
EndProject
Global
	GlobalSection(SolutionConfigurationPlatforms) = preSolution
		Debug|Any CPU = Debug|Any CPU
		Release|Any CPU = Release|Any CPU
	EndGlobalSection
	GlobalSection(ProjectConfigurationPlatforms) = postSolution
		{9E713214-80F8-40BB-B064-50C6177E41A3}.Debug|Any CPU.ActiveCfg = Debug|Any CPU
		{9E713214-80F8-40BB-B064-50C6177E41A3}.Debug|Any CPU.Build.0 = Debug|Any CPU
		{9E713214-80F8-40BB-B064-50C6177E41A3}.Release|Any CPU.ActiveCfg = Release|Any CPU
		{9E713214-80F8-40BB-B064-50C6177E41A3}.Release|Any CPU.Build.0 = Release|Any CPU
	EndGlobalSection
	GlobalSection(SolutionProperties) = preSolution
		HideSolutionNode = FALSE
	EndGlobalSection
	GlobalSection(ExtensibilityGlobals) = postSolution
		SolutionGuid = {9DD877D1-2813-4D17-9768-A8A8C34F7090}
	EndGlobalSection
EndGlobal
