
Microsoft Visual Studio Solution File, Format Version 12.00
# Visual Studio Version 17
VisualStudioVersion = 17.5.33530.505
MinimumVisualStudioVersion = 10.0.40219.1
Project("{FAE04EC0-301F-11D3-BF4B-00C04F79EFBC}") = "Program 3 (Planista przyjęć naprawiony)", "Program 3 (Planista przyjęć naprawiony)\Program 3 (Planista przyjęć naprawiony).csproj", "{E4941FB3-262F-45C3-BDAB-0D5BB6BB1E08}"
EndProject
Global
	GlobalSection(SolutionConfigurationPlatforms) = preSolution
		Debug|Any CPU = Debug|Any CPU
		Release|Any CPU = Release|Any CPU
	EndGlobalSection
	GlobalSection(ProjectConfigurationPlatforms) = postSolution
		{E4941FB3-262F-45C3-BDAB-0D5BB6BB1E08}.Debug|Any CPU.ActiveCfg = Debug|Any CPU
		{E4941FB3-262F-45C3-BDAB-0D5BB6BB1E08}.Debug|Any CPU.Build.0 = Debug|Any CPU
		{E4941FB3-262F-45C3-BDAB-0D5BB6BB1E08}.Release|Any CPU.ActiveCfg = Release|Any CPU
		{E4941FB3-262F-45C3-BDAB-0D5BB6BB1E08}.Release|Any CPU.Build.0 = Release|Any CPU
	EndGlobalSection
	GlobalSection(SolutionProperties) = preSolution
		HideSolutionNode = FALSE
	EndGlobalSection
	GlobalSection(ExtensibilityGlobals) = postSolution
		SolutionGuid = {F5619A56-986B-46B5-8507-B9E40ED473BB}
	EndGlobalSection
EndGlobal
